// !$*UTF8*$!
{
	archiveVersion = 1;
	classes = {
	};
	objectVersion = 46;
	objects = {

/* Begin PBXBuildFile section */
		AB494EAA154DC0A700FADDDE /* TKController.m in Sources */ = {isa = PBXBuildFile; fileRef = AB494EA9154DC0A700FADDDE /* TKController.m */; };
		AB494EAF154F2BA200FADDDE /* HugeTableSampleViewController.m in Sources */ = {isa = PBXBuildFile; fileRef = AB494EAE154F2BA200FADDDE /* HugeTableSampleViewController.m */; };
		AB4CF16C1546FC4300BCDAC9 /* ThemeSampleViewController.m in Sources */ = {isa = PBXBuildFile; fileRef = AB4CF16B1546FC4300BCDAC9 /* ThemeSampleViewController.m */; };
		AB4CF1881546FE4800BCDAC9 /* CustomGeneralCellView.m in Sources */ = {isa = PBXBuildFile; fileRef = AB4CF17F1546FE4800BCDAC9 /* CustomGeneralCellView.m */; };
		AB4CF18A1546FE4800BCDAC9 /* CustomTextFieldCellView.m in Sources */ = {isa = PBXBuildFile; fileRef = AB4CF1831546FE4800BCDAC9 /* CustomTextFieldCellView.m */; };
		AB4CF18C1546FE4800BCDAC9 /* CustomTheme.m in Sources */ = {isa = PBXBuildFile; fileRef = AB4CF1871546FE4800BCDAC9 /* CustomTheme.m */; };
		AB4CF19015471F7C00BCDAC9 /* paper.png in Resources */ = {isa = PBXBuildFile; fileRef = AB4CF18F15471F7C00BCDAC9 /* paper.png */; };
		AB4CF1AF154746BA00BCDAC9 /* UserDefinedCell.m in Sources */ = {isa = PBXBuildFile; fileRef = AB4CF1AB154746BA00BCDAC9 /* UserDefinedCell.m */; };
		AB4CF1B0154746BA00BCDAC9 /* UserDefinedCellView.m in Sources */ = {isa = PBXBuildFile; fileRef = AB4CF1AD154746BA00BCDAC9 /* UserDefinedCellView.m */; };
		AB4CF1B1154746BA00BCDAC9 /* UserDefinedCellView.xib in Resources */ = {isa = PBXBuildFile; fileRef = AB4CF1AE154746BA00BCDAC9 /* UserDefinedCellView.xib */; };
		AB6A23D2160C62120004CD6C /* ModelSampleViewController.m in Sources */ = {isa = PBXBuildFile; fileRef = AB6A23D1160C62120004CD6C /* ModelSampleViewController.m */; };
		AB6A23D8160C634C0004CD6C /* ProductModel.m in Sources */ = {isa = PBXBuildFile; fileRef = AB6A23D7160C634C0004CD6C /* ProductModel.m */; };
		AB6A23DE160C67300004CD6C /* ProductModel+Cell.m in Sources */ = {isa = PBXBuildFile; fileRef = AB6A23DB160C67300004CD6C /* ProductModel+Cell.m */; };
		AB6A23DF160C67300004CD6C /* ProductCellView.m in Sources */ = {isa = PBXBuildFile; fileRef = AB6A23DD160C67300004CD6C /* ProductCellView.m */; };
		AB874E58155308DA00FA3953 /* ReminderSampleViewController.m in Sources */ = {isa = PBXBuildFile; fileRef = AB874E57155308DA00FA3953 /* ReminderSampleViewController.m */; };
		AB874E641553238E00FA3953 /* ReminderGeneralCellView.m in Sources */ = {isa = PBXBuildFile; fileRef = AB874E5B1553238E00FA3953 /* ReminderGeneralCellView.m */; };
		AB874E651553238E00FA3953 /* ReminderSwitchCellView.m in Sources */ = {isa = PBXBuildFile; fileRef = AB874E5D1553238E00FA3953 /* ReminderSwitchCellView.m */; };
		AB874E661553238E00FA3953 /* ReminderTextFieldCellView.m in Sources */ = {isa = PBXBuildFile; fileRef = AB874E5F1553238E00FA3953 /* ReminderTextFieldCellView.m */; };
		AB874E671553238E00FA3953 /* ReminderTextViewCellView.m in Sources */ = {isa = PBXBuildFile; fileRef = AB874E611553238E00FA3953 /* ReminderTextViewCellView.m */; };
		AB874E681553238E00FA3953 /* ReminderTheme.m in Sources */ = {isa = PBXBuildFile; fileRef = AB874E631553238E00FA3953 /* ReminderTheme.m */; };
		AB874E6A1553332A00FA3953 /* reminder_bg.png in Resources */ = {isa = PBXBuildFile; fileRef = AB874E691553332A00FA3953 /* reminder_bg.png */; };
		ABC1F045160CF97700534C69 /* products.plist in Resources */ = {isa = PBXBuildFile; fileRef = ABC1F044160CF97700534C69 /* products.plist */; };
		ABD70877152DF94F0016FCFD /* UIKit.framework in Frameworks */ = {isa = PBXBuildFile; fileRef = ABD70876152DF94F0016FCFD /* UIKit.framework */; };
		ABD70879152DF94F0016FCFD /* Foundation.framework in Frameworks */ = {isa = PBXBuildFile; fileRef = ABD70878152DF94F0016FCFD /* Foundation.framework */; };
		ABD7087B152DF94F0016FCFD /* CoreGraphics.framework in Frameworks */ = {isa = PBXBuildFile; fileRef = ABD7087A152DF94F0016FCFD /* CoreGraphics.framework */; };
		ABE434331531A252004401E9 /* TKDefaultGeneralCellView.m in Sources */ = {isa = PBXBuildFile; fileRef = ABE434131531A252004401E9 /* TKDefaultGeneralCellView.m */; };
		ABE434341531A252004401E9 /* TKDefaultSwitchCellView.m in Sources */ = {isa = PBXBuildFile; fileRef = ABE434151531A252004401E9 /* TKDefaultSwitchCellView.m */; };
		ABE434351531A252004401E9 /* TKDefaultTextFieldCellView.m in Sources */ = {isa = PBXBuildFile; fileRef = ABE434171531A252004401E9 /* TKDefaultTextFieldCellView.m */; };
		ABE434361531A252004401E9 /* TKDefaultTextViewCellView.m in Sources */ = {isa = PBXBuildFile; fileRef = ABE434191531A252004401E9 /* TKDefaultTextViewCellView.m */; };
		ABE434371531A252004401E9 /* TKDefaultTheme.m in Sources */ = {isa = PBXBuildFile; fileRef = ABE4341B1531A252004401E9 /* TKDefaultTheme.m */; };
		ABE434381531A252004401E9 /* TKActionCell.m in Sources */ = {isa = PBXBuildFile; fileRef = ABE4341D1531A252004401E9 /* TKActionCell.m */; };
		ABE434391531A252004401E9 /* TKCell.m in Sources */ = {isa = PBXBuildFile; fileRef = ABE4341F1531A252004401E9 /* TKCell.m */; };
		ABE4343B1531A252004401E9 /* TKCellView.m in Sources */ = {isa = PBXBuildFile; fileRef = ABE434231531A252004401E9 /* TKCellView.m */; };
		ABE4343C1531A252004401E9 /* TKSection.m in Sources */ = {isa = PBXBuildFile; fileRef = ABE434251531A252004401E9 /* TKSection.m */; };
		ABE4343D1531A252004401E9 /* TKStaticCell.m in Sources */ = {isa = PBXBuildFile; fileRef = ABE434271531A252004401E9 /* TKStaticCell.m */; };
		ABE4343E1531A252004401E9 /* TKSwitchCell.m in Sources */ = {isa = PBXBuildFile; fileRef = ABE434291531A252004401E9 /* TKSwitchCell.m */; };
		ABE4343F1531A252004401E9 /* TKTableViewController.m in Sources */ = {isa = PBXBuildFile; fileRef = ABE4342B1531A252004401E9 /* TKTableViewController.m */; };
		ABE434401531A252004401E9 /* TKTextFieldCell.m in Sources */ = {isa = PBXBuildFile; fileRef = ABE4342D1531A252004401E9 /* TKTextFieldCell.m */; };
		ABE434411531A252004401E9 /* TKTextViewCell.m in Sources */ = {isa = PBXBuildFile; fileRef = ABE4342F1531A252004401E9 /* TKTextViewCell.m */; };
		ABE434421531A252004401E9 /* TKTheme.m in Sources */ = {isa = PBXBuildFile; fileRef = ABE434311531A252004401E9 /* TKTheme.m */; };
		ABE4349C1533778B004401E9 /* AppDelegate.m in Sources */ = {isa = PBXBuildFile; fileRef = ABE434991533778B004401E9 /* AppDelegate.m */; };
		ABE434A2153377AB004401E9 /* main.m in Sources */ = {isa = PBXBuildFile; fileRef = ABE4349F153377AB004401E9 /* main.m */; };
		ABE434A615337813004401E9 /* apple.png in Resources */ = {isa = PBXBuildFile; fileRef = ABE434A515337813004401E9 /* apple.png */; };
		ABE434A815337822004401E9 /* coke.png in Resources */ = {isa = PBXBuildFile; fileRef = ABE434A715337822004401E9 /* coke.png */; };
		ABE434CD1535FC6A004401E9 /* EditingSampleViewController.m in Sources */ = {isa = PBXBuildFile; fileRef = ABE434CC1535FC6A004401E9 /* EditingSampleViewController.m */; };
		ABE434D11535FE0D004401E9 /* RootViewController.m in Sources */ = {isa = PBXBuildFile; fileRef = ABE434D01535FE0D004401E9 /* RootViewController.m */; };
		ABE434D415360157004401E9 /* AttributesSampleViewController.m in Sources */ = {isa = PBXBuildFile; fileRef = ABE434D315360156004401E9 /* AttributesSampleViewController.m */; };
		ABE45F7116E01E8000D80867 /* NibSampleViewController.m in Sources */ = {isa = PBXBuildFile; fileRef = ABE45F6F16E01E7F00D80867 /* NibSampleViewController.m */; };
		ABE45F7216E01E8000D80867 /* NibSampleViewController.xib in Resources */ = {isa = PBXBuildFile; fileRef = ABE45F7016E01E7F00D80867 /* NibSampleViewController.xib */; };
		ABF11AE11595DD6D00F49B8B /* DataSourceSampleViewController.m in Sources */ = {isa = PBXBuildFile; fileRef = ABF11AE01595DD6D00F49B8B /* DataSourceSampleViewController.m */; };
		ABF973121555098600F3DA70 /* TKAttrScrollViewProxyInterface.m in Sources */ = {isa = PBXBuildFile; fileRef = ABF973111555098600F3DA70 /* TKAttrScrollViewProxyInterface.m */; };
		ABFAE9F11544BBAB0092F845 /* TKAttrImageViewProxyInterface.m in Sources */ = {isa = PBXBuildFile; fileRef = ABFAE9E21544BBAB0092F845 /* TKAttrImageViewProxyInterface.m */; };
		ABFAE9F21544BBAB0092F845 /* TKAttrLabelProxyInterface.m in Sources */ = {isa = PBXBuildFile; fileRef = ABFAE9E41544BBAB0092F845 /* TKAttrLabelProxyInterface.m */; };
		ABFAE9F31544BBAB0092F845 /* TKAttrProxy.m in Sources */ = {isa = PBXBuildFile; fileRef = ABFAE9E61544BBAB0092F845 /* TKAttrProxy.m */; };
		ABFAE9F41544BBAB0092F845 /* TKAttrTableViewCellProxyInterface.m in Sources */ = {isa = PBXBuildFile; fileRef = ABFAE9E81544BBAB0092F845 /* TKAttrTableViewCellProxyInterface.m */; };
		ABFAE9F51544BBAB0092F845 /* TKAttrTextFieldProxyInterface.m in Sources */ = {isa = PBXBuildFile; fileRef = ABFAE9EA1544BBAB0092F845 /* TKAttrTextFieldProxyInterface.m */; };
		ABFAE9F61544BBAB0092F845 /* TKAttrTextViewProxyInterface.m in Sources */ = {isa = PBXBuildFile; fileRef = ABFAE9EC1544BBAB0092F845 /* TKAttrTextViewProxyInterface.m */; };
		ABFAE9F71544BBAB0092F845 /* TKAttrViewProxyInterface.m in Sources */ = {isa = PBXBuildFile; fileRef = ABFAE9EE1544BBAB0092F845 /* TKAttrViewProxyInterface.m */; };
		ABFAE9F81544BBAB0092F845 /* TKCellAttribute.m in Sources */ = {isa = PBXBuildFile; fileRef = ABFAE9F01544BBAB0092F845 /* TKCellAttribute.m */; };
		ABFC3BC916F1240D00332A86 /* CustomSwitchCellView.m in Sources */ = {isa = PBXBuildFile; fileRef = ABFC3BC816F1240D00332A86 /* CustomSwitchCellView.m */; };
/* End PBXBuildFile section */

/* Begin PBXFileReference section */
		AB205249160869AC00BDA203 /* TKCellProtocol.h */ = {isa = PBXFileReference; lastKnownFileType = sourcecode.c.h; path = TKCellProtocol.h; sourceTree = "<group>"; };
		AB494EA8154DC0A700FADDDE /* TKController.h */ = {isa = PBXFileReference; fileEncoding = 4; lastKnownFileType = sourcecode.c.h; path = TKController.h; sourceTree = "<group>"; };
		AB494EA9154DC0A700FADDDE /* TKController.m */ = {isa = PBXFileReference; fileEncoding = 4; lastKnownFileType = sourcecode.c.objc; path = TKController.m; sourceTree = "<group>"; };
		AB494EAD154F2BA200FADDDE /* HugeTableSampleViewController.h */ = {isa = PBXFileReference; fileEncoding = 4; lastKnownFileType = sourcecode.c.h; path = HugeTableSampleViewController.h; sourceTree = "<group>"; };
		AB494EAE154F2BA200FADDDE /* HugeTableSampleViewController.m */ = {isa = PBXFileReference; fileEncoding = 4; lastKnownFileType = sourcecode.c.objc; path = HugeTableSampleViewController.m; sourceTree = "<group>"; };
		AB4CF16A1546FC4300BCDAC9 /* ThemeSampleViewController.h */ = {isa = PBXFileReference; fileEncoding = 4; lastKnownFileType = sourcecode.c.h; path = ThemeSampleViewController.h; sourceTree = "<group>"; };
		AB4CF16B1546FC4300BCDAC9 /* ThemeSampleViewController.m */ = {isa = PBXFileReference; fileEncoding = 4; lastKnownFileType = sourcecode.c.objc; path = ThemeSampleViewController.m; sourceTree = "<group>"; };
		AB4CF17E1546FE4800BCDAC9 /* CustomGeneralCellView.h */ = {isa = PBXFileReference; fileEncoding = 4; lastKnownFileType = sourcecode.c.h; path = CustomGeneralCellView.h; sourceTree = "<group>"; };
		AB4CF17F1546FE4800BCDAC9 /* CustomGeneralCellView.m */ = {isa = PBXFileReference; fileEncoding = 4; lastKnownFileType = sourcecode.c.objc; path = CustomGeneralCellView.m; sourceTree = "<group>"; };
		AB4CF1821546FE4800BCDAC9 /* CustomTextFieldCellView.h */ = {isa = PBXFileReference; fileEncoding = 4; lastKnownFileType = sourcecode.c.h; path = CustomTextFieldCellView.h; sourceTree = "<group>"; };
		AB4CF1831546FE4800BCDAC9 /* CustomTextFieldCellView.m */ = {isa = PBXFileReference; fileEncoding = 4; lastKnownFileType = sourcecode.c.objc; path = CustomTextFieldCellView.m; sourceTree = "<group>"; };
		AB4CF1861546FE4800BCDAC9 /* CustomTheme.h */ = {isa = PBXFileReference; fileEncoding = 4; lastKnownFileType = sourcecode.c.h; path = CustomTheme.h; sourceTree = "<group>"; };
		AB4CF1871546FE4800BCDAC9 /* CustomTheme.m */ = {isa = PBXFileReference; fileEncoding = 4; lastKnownFileType = sourcecode.c.objc; path = CustomTheme.m; sourceTree = "<group>"; };
		AB4CF18F15471F7C00BCDAC9 /* paper.png */ = {isa = PBXFileReference; lastKnownFileType = image.png; path = paper.png; sourceTree = "<group>"; };
		AB4CF1AA154746BA00BCDAC9 /* UserDefinedCell.h */ = {isa = PBXFileReference; fileEncoding = 4; lastKnownFileType = sourcecode.c.h; path = UserDefinedCell.h; sourceTree = "<group>"; };
		AB4CF1AB154746BA00BCDAC9 /* UserDefinedCell.m */ = {isa = PBXFileReference; fileEncoding = 4; lastKnownFileType = sourcecode.c.objc; path = UserDefinedCell.m; sourceTree = "<group>"; };
		AB4CF1AC154746BA00BCDAC9 /* UserDefinedCellView.h */ = {isa = PBXFileReference; fileEncoding = 4; lastKnownFileType = sourcecode.c.h; path = UserDefinedCellView.h; sourceTree = "<group>"; };
		AB4CF1AD154746BA00BCDAC9 /* UserDefinedCellView.m */ = {isa = PBXFileReference; fileEncoding = 4; lastKnownFileType = sourcecode.c.objc; path = UserDefinedCellView.m; sourceTree = "<group>"; };
		AB4CF1AE154746BA00BCDAC9 /* UserDefinedCellView.xib */ = {isa = PBXFileReference; fileEncoding = 4; lastKnownFileType = file.xib; path = UserDefinedCellView.xib; sourceTree = "<group>"; };
		AB6A23D0160C62120004CD6C /* ModelSampleViewController.h */ = {isa = PBXFileReference; fileEncoding = 4; lastKnownFileType = sourcecode.c.h; path = ModelSampleViewController.h; sourceTree = "<group>"; };
		AB6A23D1160C62120004CD6C /* ModelSampleViewController.m */ = {isa = PBXFileReference; fileEncoding = 4; lastKnownFileType = sourcecode.c.objc; path = ModelSampleViewController.m; sourceTree = "<group>"; };
		AB6A23D6160C634C0004CD6C /* ProductModel.h */ = {isa = PBXFileReference; fileEncoding = 4; lastKnownFileType = sourcecode.c.h; path = ProductModel.h; sourceTree = "<group>"; };
		AB6A23D7160C634C0004CD6C /* ProductModel.m */ = {isa = PBXFileReference; fileEncoding = 4; lastKnownFileType = sourcecode.c.objc; path = ProductModel.m; sourceTree = "<group>"; };
		AB6A23DA160C67300004CD6C /* ProductModel+Cell.h */ = {isa = PBXFileReference; fileEncoding = 4; lastKnownFileType = sourcecode.c.h; path = "ProductModel+Cell.h"; sourceTree = "<group>"; };
		AB6A23DB160C67300004CD6C /* ProductModel+Cell.m */ = {isa = PBXFileReference; fileEncoding = 4; lastKnownFileType = sourcecode.c.objc; path = "ProductModel+Cell.m"; sourceTree = "<group>"; };
		AB6A23DC160C67300004CD6C /* ProductCellView.h */ = {isa = PBXFileReference; fileEncoding = 4; lastKnownFileType = sourcecode.c.h; path = ProductCellView.h; sourceTree = "<group>"; };
		AB6A23DD160C67300004CD6C /* ProductCellView.m */ = {isa = PBXFileReference; fileEncoding = 4; lastKnownFileType = sourcecode.c.objc; path = ProductCellView.m; sourceTree = "<group>"; };
		AB874E56155308DA00FA3953 /* ReminderSampleViewController.h */ = {isa = PBXFileReference; fileEncoding = 4; lastKnownFileType = sourcecode.c.h; path = ReminderSampleViewController.h; sourceTree = "<group>"; };
		AB874E57155308DA00FA3953 /* ReminderSampleViewController.m */ = {isa = PBXFileReference; fileEncoding = 4; lastKnownFileType = sourcecode.c.objc; path = ReminderSampleViewController.m; sourceTree = "<group>"; };
		AB874E5A1553238E00FA3953 /* ReminderGeneralCellView.h */ = {isa = PBXFileReference; fileEncoding = 4; lastKnownFileType = sourcecode.c.h; name = ReminderGeneralCellView.h; path = ReminderTheme/ReminderGeneralCellView.h; sourceTree = "<group>"; };
		AB874E5B1553238E00FA3953 /* ReminderGeneralCellView.m */ = {isa = PBXFileReference; fileEncoding = 4; lastKnownFileType = sourcecode.c.objc; name = ReminderGeneralCellView.m; path = ReminderTheme/ReminderGeneralCellView.m; sourceTree = "<group>"; };
		AB874E5C1553238E00FA3953 /* ReminderSwitchCellView.h */ = {isa = PBXFileReference; fileEncoding = 4; lastKnownFileType = sourcecode.c.h; name = ReminderSwitchCellView.h; path = ReminderTheme/ReminderSwitchCellView.h; sourceTree = "<group>"; };
		AB874E5D1553238E00FA3953 /* ReminderSwitchCellView.m */ = {isa = PBXFileReference; fileEncoding = 4; lastKnownFileType = sourcecode.c.objc; name = ReminderSwitchCellView.m; path = ReminderTheme/ReminderSwitchCellView.m; sourceTree = "<group>"; };
		AB874E5E1553238E00FA3953 /* ReminderTextFieldCellView.h */ = {isa = PBXFileReference; fileEncoding = 4; lastKnownFileType = sourcecode.c.h; name = ReminderTextFieldCellView.h; path = ReminderTheme/ReminderTextFieldCellView.h; sourceTree = "<group>"; };
		AB874E5F1553238E00FA3953 /* ReminderTextFieldCellView.m */ = {isa = PBXFileReference; fileEncoding = 4; lastKnownFileType = sourcecode.c.objc; name = ReminderTextFieldCellView.m; path = ReminderTheme/ReminderTextFieldCellView.m; sourceTree = "<group>"; };
		AB874E601553238E00FA3953 /* ReminderTextViewCellView.h */ = {isa = PBXFileReference; fileEncoding = 4; lastKnownFileType = sourcecode.c.h; name = ReminderTextViewCellView.h; path = ReminderTheme/ReminderTextViewCellView.h; sourceTree = "<group>"; };
		AB874E611553238E00FA3953 /* ReminderTextViewCellView.m */ = {isa = PBXFileReference; fileEncoding = 4; lastKnownFileType = sourcecode.c.objc; name = ReminderTextViewCellView.m; path = ReminderTheme/ReminderTextViewCellView.m; sourceTree = "<group>"; };
		AB874E621553238E00FA3953 /* ReminderTheme.h */ = {isa = PBXFileReference; fileEncoding = 4; lastKnownFileType = sourcecode.c.h; name = ReminderTheme.h; path = ReminderTheme/ReminderTheme.h; sourceTree = "<group>"; };
		AB874E631553238E00FA3953 /* ReminderTheme.m */ = {isa = PBXFileReference; fileEncoding = 4; lastKnownFileType = sourcecode.c.objc; name = ReminderTheme.m; path = ReminderTheme/ReminderTheme.m; sourceTree = "<group>"; };
		AB874E691553332A00FA3953 /* reminder_bg.png */ = {isa = PBXFileReference; lastKnownFileType = image.png; path = reminder_bg.png; sourceTree = "<group>"; };
		ABC1F044160CF97700534C69 /* products.plist */ = {isa = PBXFileReference; fileEncoding = 4; lastKnownFileType = text.plist.xml; path = products.plist; sourceTree = "<group>"; };
		ABD70872152DF94F0016FCFD /* TableKitSample.app */ = {isa = PBXFileReference; explicitFileType = wrapper.application; includeInIndex = 0; path = TableKitSample.app; sourceTree = BUILT_PRODUCTS_DIR; };
		ABD70876152DF94F0016FCFD /* UIKit.framework */ = {isa = PBXFileReference; lastKnownFileType = wrapper.framework; name = UIKit.framework; path = System/Library/Frameworks/UIKit.framework; sourceTree = SDKROOT; };
		ABD70878152DF94F0016FCFD /* Foundation.framework */ = {isa = PBXFileReference; lastKnownFileType = wrapper.framework; name = Foundation.framework; path = System/Library/Frameworks/Foundation.framework; sourceTree = SDKROOT; };
		ABD7087A152DF94F0016FCFD /* CoreGraphics.framework */ = {isa = PBXFileReference; lastKnownFileType = wrapper.framework; name = CoreGraphics.framework; path = System/Library/Frameworks/CoreGraphics.framework; sourceTree = SDKROOT; };
		ABE434121531A252004401E9 /* TKDefaultGeneralCellView.h */ = {isa = PBXFileReference; fileEncoding = 4; lastKnownFileType = sourcecode.c.h; path = TKDefaultGeneralCellView.h; sourceTree = "<group>"; };
		ABE434131531A252004401E9 /* TKDefaultGeneralCellView.m */ = {isa = PBXFileReference; fileEncoding = 4; lastKnownFileType = sourcecode.c.objc; path = TKDefaultGeneralCellView.m; sourceTree = "<group>"; };
		ABE434141531A252004401E9 /* TKDefaultSwitchCellView.h */ = {isa = PBXFileReference; fileEncoding = 4; lastKnownFileType = sourcecode.c.h; path = TKDefaultSwitchCellView.h; sourceTree = "<group>"; };
		ABE434151531A252004401E9 /* TKDefaultSwitchCellView.m */ = {isa = PBXFileReference; fileEncoding = 4; lastKnownFileType = sourcecode.c.objc; path = TKDefaultSwitchCellView.m; sourceTree = "<group>"; };
		ABE434161531A252004401E9 /* TKDefaultTextFieldCellView.h */ = {isa = PBXFileReference; fileEncoding = 4; lastKnownFileType = sourcecode.c.h; path = TKDefaultTextFieldCellView.h; sourceTree = "<group>"; };
		ABE434171531A252004401E9 /* TKDefaultTextFieldCellView.m */ = {isa = PBXFileReference; fileEncoding = 4; lastKnownFileType = sourcecode.c.objc; path = TKDefaultTextFieldCellView.m; sourceTree = "<group>"; };
		ABE434181531A252004401E9 /* TKDefaultTextViewCellView.h */ = {isa = PBXFileReference; fileEncoding = 4; lastKnownFileType = sourcecode.c.h; path = TKDefaultTextViewCellView.h; sourceTree = "<group>"; };
		ABE434191531A252004401E9 /* TKDefaultTextViewCellView.m */ = {isa = PBXFileReference; fileEncoding = 4; lastKnownFileType = sourcecode.c.objc; path = TKDefaultTextViewCellView.m; sourceTree = "<group>"; };
		ABE4341A1531A252004401E9 /* TKDefaultTheme.h */ = {isa = PBXFileReference; fileEncoding = 4; lastKnownFileType = sourcecode.c.h; path = TKDefaultTheme.h; sourceTree = "<group>"; };
		ABE4341B1531A252004401E9 /* TKDefaultTheme.m */ = {isa = PBXFileReference; fileEncoding = 4; lastKnownFileType = sourcecode.c.objc; path = TKDefaultTheme.m; sourceTree = "<group>"; };
		ABE4341C1531A252004401E9 /* TKActionCell.h */ = {isa = PBXFileReference; fileEncoding = 4; lastKnownFileType = sourcecode.c.h; path = TKActionCell.h; sourceTree = "<group>"; };
		ABE4341D1531A252004401E9 /* TKActionCell.m */ = {isa = PBXFileReference; fileEncoding = 4; lastKnownFileType = sourcecode.c.objc; path = TKActionCell.m; sourceTree = "<group>"; };
		ABE4341E1531A252004401E9 /* TKCell.h */ = {isa = PBXFileReference; fileEncoding = 4; lastKnownFileType = sourcecode.c.h; path = TKCell.h; sourceTree = "<group>"; };
		ABE4341F1531A252004401E9 /* TKCell.m */ = {isa = PBXFileReference; fileEncoding = 4; lastKnownFileType = sourcecode.c.objc; path = TKCell.m; sourceTree = "<group>"; };
		ABE434221531A252004401E9 /* TKCellView.h */ = {isa = PBXFileReference; fileEncoding = 4; lastKnownFileType = sourcecode.c.h; path = TKCellView.h; sourceTree = "<group>"; };
		ABE434231531A252004401E9 /* TKCellView.m */ = {isa = PBXFileReference; fileEncoding = 4; lastKnownFileType = sourcecode.c.objc; path = TKCellView.m; sourceTree = "<group>"; };
		ABE434241531A252004401E9 /* TKSection.h */ = {isa = PBXFileReference; fileEncoding = 4; lastKnownFileType = sourcecode.c.h; path = TKSection.h; sourceTree = "<group>"; };
		ABE434251531A252004401E9 /* TKSection.m */ = {isa = PBXFileReference; fileEncoding = 4; lastKnownFileType = sourcecode.c.objc; path = TKSection.m; sourceTree = "<group>"; };
		ABE434261531A252004401E9 /* TKStaticCell.h */ = {isa = PBXFileReference; fileEncoding = 4; lastKnownFileType = sourcecode.c.h; path = TKStaticCell.h; sourceTree = "<group>"; };
		ABE434271531A252004401E9 /* TKStaticCell.m */ = {isa = PBXFileReference; fileEncoding = 4; lastKnownFileType = sourcecode.c.objc; path = TKStaticCell.m; sourceTree = "<group>"; };
		ABE434281531A252004401E9 /* TKSwitchCell.h */ = {isa = PBXFileReference; fileEncoding = 4; lastKnownFileType = sourcecode.c.h; path = TKSwitchCell.h; sourceTree = "<group>"; };
		ABE434291531A252004401E9 /* TKSwitchCell.m */ = {isa = PBXFileReference; fileEncoding = 4; lastKnownFileType = sourcecode.c.objc; path = TKSwitchCell.m; sourceTree = "<group>"; };
		ABE4342A1531A252004401E9 /* TKTableViewController.h */ = {isa = PBXFileReference; fileEncoding = 4; lastKnownFileType = sourcecode.c.h; path = TKTableViewController.h; sourceTree = "<group>"; };
		ABE4342B1531A252004401E9 /* TKTableViewController.m */ = {isa = PBXFileReference; fileEncoding = 4; lastKnownFileType = sourcecode.c.objc; path = TKTableViewController.m; sourceTree = "<group>"; };
		ABE4342C1531A252004401E9 /* TKTextFieldCell.h */ = {isa = PBXFileReference; fileEncoding = 4; lastKnownFileType = sourcecode.c.h; path = TKTextFieldCell.h; sourceTree = "<group>"; };
		ABE4342D1531A252004401E9 /* TKTextFieldCell.m */ = {isa = PBXFileReference; fileEncoding = 4; lastKnownFileType = sourcecode.c.objc; path = TKTextFieldCell.m; sourceTree = "<group>"; };
		ABE4342E1531A252004401E9 /* TKTextViewCell.h */ = {isa = PBXFileReference; fileEncoding = 4; lastKnownFileType = sourcecode.c.h; path = TKTextViewCell.h; sourceTree = "<group>"; };
		ABE4342F1531A252004401E9 /* TKTextViewCell.m */ = {isa = PBXFileReference; fileEncoding = 4; lastKnownFileType = sourcecode.c.objc; path = TKTextViewCell.m; sourceTree = "<group>"; };
		ABE434301531A252004401E9 /* TKTheme.h */ = {isa = PBXFileReference; fileEncoding = 4; lastKnownFileType = sourcecode.c.h; path = TKTheme.h; sourceTree = "<group>"; };
		ABE434311531A252004401E9 /* TKTheme.m */ = {isa = PBXFileReference; fileEncoding = 4; lastKnownFileType = sourcecode.c.objc; path = TKTheme.m; sourceTree = "<group>"; };
		ABE434981533778B004401E9 /* AppDelegate.h */ = {isa = PBXFileReference; fileEncoding = 4; lastKnownFileType = sourcecode.c.h; path = AppDelegate.h; sourceTree = "<group>"; };
		ABE434991533778B004401E9 /* AppDelegate.m */ = {isa = PBXFileReference; fileEncoding = 4; lastKnownFileType = sourcecode.c.objc; path = AppDelegate.m; sourceTree = "<group>"; };
		ABE4349F153377AB004401E9 /* main.m */ = {isa = PBXFileReference; fileEncoding = 4; lastKnownFileType = sourcecode.c.objc; path = main.m; sourceTree = "<group>"; };
		ABE434A0153377AB004401E9 /* TableKitSample-Info.plist */ = {isa = PBXFileReference; fileEncoding = 4; lastKnownFileType = text.plist.xml; path = "TableKitSample-Info.plist"; sourceTree = "<group>"; };
		ABE434A1153377AB004401E9 /* TableKitSample-Prefix.pch */ = {isa = PBXFileReference; fileEncoding = 4; lastKnownFileType = sourcecode.c.h; path = "TableKitSample-Prefix.pch"; sourceTree = "<group>"; };
		ABE434A515337813004401E9 /* apple.png */ = {isa = PBXFileReference; lastKnownFileType = image.png; path = apple.png; sourceTree = "<group>"; };
		ABE434A715337822004401E9 /* coke.png */ = {isa = PBXFileReference; lastKnownFileType = image.png; path = coke.png; sourceTree = "<group>"; };
		ABE434CB1535FC6A004401E9 /* EditingSampleViewController.h */ = {isa = PBXFileReference; fileEncoding = 4; lastKnownFileType = sourcecode.c.h; lineEnding = 0; path = EditingSampleViewController.h; sourceTree = "<group>"; xcLanguageSpecificationIdentifier = xcode.lang.objcpp; };
		ABE434CC1535FC6A004401E9 /* EditingSampleViewController.m */ = {isa = PBXFileReference; fileEncoding = 4; lastKnownFileType = sourcecode.c.objc; lineEnding = 0; path = EditingSampleViewController.m; sourceTree = "<group>"; xcLanguageSpecificationIdentifier = xcode.lang.objc; };
		ABE434CF1535FE0C004401E9 /* RootViewController.h */ = {isa = PBXFileReference; fileEncoding = 4; lastKnownFileType = sourcecode.c.h; lineEnding = 0; path = RootViewController.h; sourceTree = "<group>"; xcLanguageSpecificationIdentifier = xcode.lang.objcpp; };
		ABE434D01535FE0D004401E9 /* RootViewController.m */ = {isa = PBXFileReference; fileEncoding = 4; lastKnownFileType = sourcecode.c.objc; lineEnding = 0; path = RootViewController.m; sourceTree = "<group>"; xcLanguageSpecificationIdentifier = xcode.lang.objc; };
		ABE434D215360156004401E9 /* AttributesSampleViewController.h */ = {isa = PBXFileReference; fileEncoding = 4; lastKnownFileType = sourcecode.c.h; lineEnding = 0; path = AttributesSampleViewController.h; sourceTree = "<group>"; xcLanguageSpecificationIdentifier = xcode.lang.objcpp; };
		ABE434D315360156004401E9 /* AttributesSampleViewController.m */ = {isa = PBXFileReference; fileEncoding = 4; lastKnownFileType = sourcecode.c.objc; lineEnding = 0; path = AttributesSampleViewController.m; sourceTree = "<group>"; xcLanguageSpecificationIdentifier = xcode.lang.objc; };
		ABE45F6E16E01E7F00D80867 /* NibSampleViewController.h */ = {isa = PBXFileReference; fileEncoding = 4; lastKnownFileType = sourcecode.c.h; path = NibSampleViewController.h; sourceTree = "<group>"; };
		ABE45F6F16E01E7F00D80867 /* NibSampleViewController.m */ = {isa = PBXFileReference; fileEncoding = 4; lastKnownFileType = sourcecode.c.objc; path = NibSampleViewController.m; sourceTree = "<group>"; };
		ABE45F7016E01E7F00D80867 /* NibSampleViewController.xib */ = {isa = PBXFileReference; fileEncoding = 4; lastKnownFileType = file.xib; path = NibSampleViewController.xib; sourceTree = "<group>"; };
		ABF11ADF1595DD6D00F49B8B /* DataSourceSampleViewController.h */ = {isa = PBXFileReference; fileEncoding = 4; lastKnownFileType = sourcecode.c.h; path = DataSourceSampleViewController.h; sourceTree = "<group>"; };
		ABF11AE01595DD6D00F49B8B /* DataSourceSampleViewController.m */ = {isa = PBXFileReference; fileEncoding = 4; lastKnownFileType = sourcecode.c.objc; path = DataSourceSampleViewController.m; sourceTree = "<group>"; };
		ABF973101555098600F3DA70 /* TKAttrScrollViewProxyInterface.h */ = {isa = PBXFileReference; fileEncoding = 4; lastKnownFileType = sourcecode.c.h; path = TKAttrScrollViewProxyInterface.h; sourceTree = "<group>"; };
		ABF973111555098600F3DA70 /* TKAttrScrollViewProxyInterface.m */ = {isa = PBXFileReference; fileEncoding = 4; lastKnownFileType = sourcecode.c.objc; path = TKAttrScrollViewProxyInterface.m; sourceTree = "<group>"; };
		ABFAE9E11544BBAB0092F845 /* TKAttrImageViewProxyInterface.h */ = {isa = PBXFileReference; fileEncoding = 4; lastKnownFileType = sourcecode.c.h; path = TKAttrImageViewProxyInterface.h; sourceTree = "<group>"; };
		ABFAE9E21544BBAB0092F845 /* TKAttrImageViewProxyInterface.m */ = {isa = PBXFileReference; fileEncoding = 4; lastKnownFileType = sourcecode.c.objc; path = TKAttrImageViewProxyInterface.m; sourceTree = "<group>"; };
		ABFAE9E31544BBAB0092F845 /* TKAttrLabelProxyInterface.h */ = {isa = PBXFileReference; fileEncoding = 4; lastKnownFileType = sourcecode.c.h; path = TKAttrLabelProxyInterface.h; sourceTree = "<group>"; };
		ABFAE9E41544BBAB0092F845 /* TKAttrLabelProxyInterface.m */ = {isa = PBXFileReference; fileEncoding = 4; lastKnownFileType = sourcecode.c.objc; path = TKAttrLabelProxyInterface.m; sourceTree = "<group>"; };
		ABFAE9E51544BBAB0092F845 /* TKAttrProxy.h */ = {isa = PBXFileReference; fileEncoding = 4; lastKnownFileType = sourcecode.c.h; path = TKAttrProxy.h; sourceTree = "<group>"; };
		ABFAE9E61544BBAB0092F845 /* TKAttrProxy.m */ = {isa = PBXFileReference; fileEncoding = 4; lastKnownFileType = sourcecode.c.objc; path = TKAttrProxy.m; sourceTree = "<group>"; };
		ABFAE9E71544BBAB0092F845 /* TKAttrTableViewCellProxyInterface.h */ = {isa = PBXFileReference; fileEncoding = 4; lastKnownFileType = sourcecode.c.h; path = TKAttrTableViewCellProxyInterface.h; sourceTree = "<group>"; };
		ABFAE9E81544BBAB0092F845 /* TKAttrTableViewCellProxyInterface.m */ = {isa = PBXFileReference; fileEncoding = 4; lastKnownFileType = sourcecode.c.objc; path = TKAttrTableViewCellProxyInterface.m; sourceTree = "<group>"; };
		ABFAE9E91544BBAB0092F845 /* TKAttrTextFieldProxyInterface.h */ = {isa = PBXFileReference; fileEncoding = 4; lastKnownFileType = sourcecode.c.h; path = TKAttrTextFieldProxyInterface.h; sourceTree = "<group>"; };
		ABFAE9EA1544BBAB0092F845 /* TKAttrTextFieldProxyInterface.m */ = {isa = PBXFileReference; fileEncoding = 4; lastKnownFileType = sourcecode.c.objc; path = TKAttrTextFieldProxyInterface.m; sourceTree = "<group>"; };
		ABFAE9EB1544BBAB0092F845 /* TKAttrTextViewProxyInterface.h */ = {isa = PBXFileReference; fileEncoding = 4; lastKnownFileType = sourcecode.c.h; path = TKAttrTextViewProxyInterface.h; sourceTree = "<group>"; };
		ABFAE9EC1544BBAB0092F845 /* TKAttrTextViewProxyInterface.m */ = {isa = PBXFileReference; fileEncoding = 4; lastKnownFileType = sourcecode.c.objc; path = TKAttrTextViewProxyInterface.m; sourceTree = "<group>"; };
		ABFAE9ED1544BBAB0092F845 /* TKAttrViewProxyInterface.h */ = {isa = PBXFileReference; fileEncoding = 4; lastKnownFileType = sourcecode.c.h; path = TKAttrViewProxyInterface.h; sourceTree = "<group>"; };
		ABFAE9EE1544BBAB0092F845 /* TKAttrViewProxyInterface.m */ = {isa = PBXFileReference; fileEncoding = 4; lastKnownFileType = sourcecode.c.objc; path = TKAttrViewProxyInterface.m; sourceTree = "<group>"; };
		ABFAE9EF1544BBAB0092F845 /* TKCellAttribute.h */ = {isa = PBXFileReference; fileEncoding = 4; lastKnownFileType = sourcecode.c.h; path = TKCellAttribute.h; sourceTree = "<group>"; };
		ABFAE9F01544BBAB0092F845 /* TKCellAttribute.m */ = {isa = PBXFileReference; fileEncoding = 4; lastKnownFileType = sourcecode.c.objc; path = TKCellAttribute.m; sourceTree = "<group>"; };
		ABFC3BC716F1240C00332A86 /* CustomSwitchCellView.h */ = {isa = PBXFileReference; fileEncoding = 4; lastKnownFileType = sourcecode.c.h; path = CustomSwitchCellView.h; sourceTree = "<group>"; };
		ABFC3BC816F1240D00332A86 /* CustomSwitchCellView.m */ = {isa = PBXFileReference; fileEncoding = 4; lastKnownFileType = sourcecode.c.objc; path = CustomSwitchCellView.m; sourceTree = "<group>"; };
/* End PBXFileReference section */

/* Begin PBXFrameworksBuildPhase section */
		ABD7086F152DF94F0016FCFD /* Frameworks */ = {
			isa = PBXFrameworksBuildPhase;
			buildActionMask = 2147483647;
			files = (
				ABD70877152DF94F0016FCFD /* UIKit.framework in Frameworks */,
				ABD70879152DF94F0016FCFD /* Foundation.framework in Frameworks */,
				ABD7087B152DF94F0016FCFD /* CoreGraphics.framework in Frameworks */,
			);
			runOnlyForDeploymentPostprocessing = 0;
		};
/* End PBXFrameworksBuildPhase section */

/* Begin PBXGroup section */
		AB4CF1691546FC4300BCDAC9 /* ThemeSampleViewController */ = {
			isa = PBXGroup;
			children = (
				AB4CF17D1546FE4800BCDAC9 /* CustomTheme */,
				AB4CF1A9154746BA00BCDAC9 /* UserDefinedCell */,
				AB4CF16A1546FC4300BCDAC9 /* ThemeSampleViewController.h */,
				AB4CF16B1546FC4300BCDAC9 /* ThemeSampleViewController.m */,
			);
			path = ThemeSampleViewController;
			sourceTree = "<group>";
		};
		AB4CF17D1546FE4800BCDAC9 /* CustomTheme */ = {
			isa = PBXGroup;
			children = (
				AB4CF17E1546FE4800BCDAC9 /* CustomGeneralCellView.h */,
				AB4CF17F1546FE4800BCDAC9 /* CustomGeneralCellView.m */,
				AB4CF1821546FE4800BCDAC9 /* CustomTextFieldCellView.h */,
				AB4CF1831546FE4800BCDAC9 /* CustomTextFieldCellView.m */,
				ABFC3BC716F1240C00332A86 /* CustomSwitchCellView.h */,
				ABFC3BC816F1240D00332A86 /* CustomSwitchCellView.m */,
				AB4CF1861546FE4800BCDAC9 /* CustomTheme.h */,
				AB4CF1871546FE4800BCDAC9 /* CustomTheme.m */,
			);
			path = CustomTheme;
			sourceTree = "<group>";
		};
		AB4CF1A9154746BA00BCDAC9 /* UserDefinedCell */ = {
			isa = PBXGroup;
			children = (
				AB4CF1AA154746BA00BCDAC9 /* UserDefinedCell.h */,
				AB4CF1AB154746BA00BCDAC9 /* UserDefinedCell.m */,
				AB4CF1AC154746BA00BCDAC9 /* UserDefinedCellView.h */,
				AB4CF1AD154746BA00BCDAC9 /* UserDefinedCellView.m */,
				AB4CF1AE154746BA00BCDAC9 /* UserDefinedCellView.xib */,
			);
			path = UserDefinedCell;
			sourceTree = "<group>";
		};
		AB6A23CE160C618F0004CD6C /* ModelSample */ = {
			isa = PBXGroup;
			children = (
				AB6A23D0160C62120004CD6C /* ModelSampleViewController.h */,
				AB6A23D1160C62120004CD6C /* ModelSampleViewController.m */,
				AB6A23D6160C634C0004CD6C /* ProductModel.h */,
				AB6A23D7160C634C0004CD6C /* ProductModel.m */,
				AB6A23D9160C66F30004CD6C /* ProductCell */,
				ABC1F044160CF97700534C69 /* products.plist */,
			);
			path = ModelSample;
			sourceTree = "<group>";
		};
		AB6A23D9160C66F30004CD6C /* ProductCell */ = {
			isa = PBXGroup;
			children = (
				AB6A23DA160C67300004CD6C /* ProductModel+Cell.h */,
				AB6A23DB160C67300004CD6C /* ProductModel+Cell.m */,
				AB6A23DC160C67300004CD6C /* ProductCellView.h */,
				AB6A23DD160C67300004CD6C /* ProductCellView.m */,
			);
			path = ProductCell;
			sourceTree = "<group>";
		};
		AB874E55155308DA00FA3953 /* ReminderSample */ = {
			isa = PBXGroup;
			children = (
				AB874E59155322F800FA3953 /* ReminderTheme */,
				AB874E56155308DA00FA3953 /* ReminderSampleViewController.h */,
				AB874E57155308DA00FA3953 /* ReminderSampleViewController.m */,
			);
			path = ReminderSample;
			sourceTree = "<group>";
		};
		AB874E59155322F800FA3953 /* ReminderTheme */ = {
			isa = PBXGroup;
			children = (
				AB874E5A1553238E00FA3953 /* ReminderGeneralCellView.h */,
				AB874E5B1553238E00FA3953 /* ReminderGeneralCellView.m */,
				AB874E5C1553238E00FA3953 /* ReminderSwitchCellView.h */,
				AB874E5D1553238E00FA3953 /* ReminderSwitchCellView.m */,
				AB874E5E1553238E00FA3953 /* ReminderTextFieldCellView.h */,
				AB874E5F1553238E00FA3953 /* ReminderTextFieldCellView.m */,
				AB874E601553238E00FA3953 /* ReminderTextViewCellView.h */,
				AB874E611553238E00FA3953 /* ReminderTextViewCellView.m */,
				AB874E621553238E00FA3953 /* ReminderTheme.h */,
				AB874E631553238E00FA3953 /* ReminderTheme.m */,
			);
			name = ReminderTheme;
			sourceTree = "<group>";
		};
		ABD70867152DF94F0016FCFD = {
			isa = PBXGroup;
			children = (
				ABE4340E1531A252004401E9 /* TableKit */,
				ABE434971533776B004401E9 /* Classes */,
				ABE4349E1533779A004401E9 /* Supporting Files */,
				ABE434A4153377F9004401E9 /* Resources */,
				ABD70875152DF94F0016FCFD /* Frameworks */,
				ABD70873152DF94F0016FCFD /* Products */,
			);
			sourceTree = "<group>";
		};
		ABD70873152DF94F0016FCFD /* Products */ = {
			isa = PBXGroup;
			children = (
				ABD70872152DF94F0016FCFD /* TableKitSample.app */,
			);
			name = Products;
			sourceTree = "<group>";
		};
		ABD70875152DF94F0016FCFD /* Frameworks */ = {
			isa = PBXGroup;
			children = (
				ABD70876152DF94F0016FCFD /* UIKit.framework */,
				ABD70878152DF94F0016FCFD /* Foundation.framework */,
				ABD7087A152DF94F0016FCFD /* CoreGraphics.framework */,
			);
			name = Frameworks;
			sourceTree = "<group>";
		};
		ABE4340E1531A252004401E9 /* TableKit */ = {
			isa = PBXGroup;
			children = (
				ABE4340F1531A252004401E9 /* DefaultTheme */,
				ABFAE9E01544BBAB0092F845 /* Attributes */,
				AB205249160869AC00BDA203 /* TKCellProtocol.h */,
				ABE4341E1531A252004401E9 /* TKCell.h */,
				ABE4341F1531A252004401E9 /* TKCell.m */,
				ABE434261531A252004401E9 /* TKStaticCell.h */,
				ABE434271531A252004401E9 /* TKStaticCell.m */,
				ABE4341C1531A252004401E9 /* TKActionCell.h */,
				ABE4341D1531A252004401E9 /* TKActionCell.m */,
				ABE434281531A252004401E9 /* TKSwitchCell.h */,
				ABE434291531A252004401E9 /* TKSwitchCell.m */,
				ABE4342C1531A252004401E9 /* TKTextFieldCell.h */,
				ABE4342D1531A252004401E9 /* TKTextFieldCell.m */,
				ABE4342E1531A252004401E9 /* TKTextViewCell.h */,
				ABE4342F1531A252004401E9 /* TKTextViewCell.m */,
				ABE434221531A252004401E9 /* TKCellView.h */,
				ABE434231531A252004401E9 /* TKCellView.m */,
				ABE434241531A252004401E9 /* TKSection.h */,
				ABE434251531A252004401E9 /* TKSection.m */,
				AB494EA8154DC0A700FADDDE /* TKController.h */,
				AB494EA9154DC0A700FADDDE /* TKController.m */,
				ABE4342A1531A252004401E9 /* TKTableViewController.h */,
				ABE4342B1531A252004401E9 /* TKTableViewController.m */,
				ABE434301531A252004401E9 /* TKTheme.h */,
				ABE434311531A252004401E9 /* TKTheme.m */,
			);
			name = TableKit;
			path = ../TableKit;
			sourceTree = "<group>";
		};
		ABE4340F1531A252004401E9 /* DefaultTheme */ = {
			isa = PBXGroup;
			children = (
				ABE434121531A252004401E9 /* TKDefaultGeneralCellView.h */,
				ABE434131531A252004401E9 /* TKDefaultGeneralCellView.m */,
				ABE434141531A252004401E9 /* TKDefaultSwitchCellView.h */,
				ABE434151531A252004401E9 /* TKDefaultSwitchCellView.m */,
				ABE434161531A252004401E9 /* TKDefaultTextFieldCellView.h */,
				ABE434171531A252004401E9 /* TKDefaultTextFieldCellView.m */,
				ABE434181531A252004401E9 /* TKDefaultTextViewCellView.h */,
				ABE434191531A252004401E9 /* TKDefaultTextViewCellView.m */,
				ABE4341A1531A252004401E9 /* TKDefaultTheme.h */,
				ABE4341B1531A252004401E9 /* TKDefaultTheme.m */,
			);
			path = DefaultTheme;
			sourceTree = "<group>";
		};
		ABE434971533776B004401E9 /* Classes */ = {
			isa = PBXGroup;
			children = (
				ABE434981533778B004401E9 /* AppDelegate.h */,
				ABE434991533778B004401E9 /* AppDelegate.m */,
				ABE434CF1535FE0C004401E9 /* RootViewController.h */,
				ABE434D01535FE0D004401E9 /* RootViewController.m */,
				ABE434D215360156004401E9 /* AttributesSampleViewController.h */,
				ABE434D315360156004401E9 /* AttributesSampleViewController.m */,
				ABE434CB1535FC6A004401E9 /* EditingSampleViewController.h */,
				ABE434CC1535FC6A004401E9 /* EditingSampleViewController.m */,
				AB4CF1691546FC4300BCDAC9 /* ThemeSampleViewController */,
				AB874E55155308DA00FA3953 /* ReminderSample */,
				AB494EAD154F2BA200FADDDE /* HugeTableSampleViewController.h */,
				AB494EAE154F2BA200FADDDE /* HugeTableSampleViewController.m */,
				ABF11ADF1595DD6D00F49B8B /* DataSourceSampleViewController.h */,
				ABF11AE01595DD6D00F49B8B /* DataSourceSampleViewController.m */,
				ABE45F6E16E01E7F00D80867 /* NibSampleViewController.h */,
				ABE45F6F16E01E7F00D80867 /* NibSampleViewController.m */,
				ABE45F7016E01E7F00D80867 /* NibSampleViewController.xib */,
				AB6A23CE160C618F0004CD6C /* ModelSample */,
			);
			name = Classes;
			sourceTree = "<group>";
		};
		ABE4349E1533779A004401E9 /* Supporting Files */ = {
			isa = PBXGroup;
			children = (
				AB874E691553332A00FA3953 /* reminder_bg.png */,
				ABE4349F153377AB004401E9 /* main.m */,
				ABE434A0153377AB004401E9 /* TableKitSample-Info.plist */,
				ABE434A1153377AB004401E9 /* TableKitSample-Prefix.pch */,
			);
			name = "Supporting Files";
			sourceTree = "<group>";
		};
		ABE434A4153377F9004401E9 /* Resources */ = {
			isa = PBXGroup;
			children = (
				AB4CF18F15471F7C00BCDAC9 /* paper.png */,
				ABE434A515337813004401E9 /* apple.png */,
				ABE434A715337822004401E9 /* coke.png */,
			);
			name = Resources;
			sourceTree = "<group>";
		};
		ABFAE9E01544BBAB0092F845 /* Attributes */ = {
			isa = PBXGroup;
			children = (
				ABFAE9ED1544BBAB0092F845 /* TKAttrViewProxyInterface.h */,
				ABFAE9EE1544BBAB0092F845 /* TKAttrViewProxyInterface.m */,
				ABF973101555098600F3DA70 /* TKAttrScrollViewProxyInterface.h */,
				ABF973111555098600F3DA70 /* TKAttrScrollViewProxyInterface.m */,
				ABFAE9E11544BBAB0092F845 /* TKAttrImageViewProxyInterface.h */,
				ABFAE9E21544BBAB0092F845 /* TKAttrImageViewProxyInterface.m */,
				ABFAE9E31544BBAB0092F845 /* TKAttrLabelProxyInterface.h */,
				ABFAE9E41544BBAB0092F845 /* TKAttrLabelProxyInterface.m */,
				ABFAE9E91544BBAB0092F845 /* TKAttrTextFieldProxyInterface.h */,
				ABFAE9EA1544BBAB0092F845 /* TKAttrTextFieldProxyInterface.m */,
				ABFAE9EB1544BBAB0092F845 /* TKAttrTextViewProxyInterface.h */,
				ABFAE9EC1544BBAB0092F845 /* TKAttrTextViewProxyInterface.m */,
				ABFAE9E71544BBAB0092F845 /* TKAttrTableViewCellProxyInterface.h */,
				ABFAE9E81544BBAB0092F845 /* TKAttrTableViewCellProxyInterface.m */,
				ABFAE9E51544BBAB0092F845 /* TKAttrProxy.h */,
				ABFAE9E61544BBAB0092F845 /* TKAttrProxy.m */,
				ABFAE9EF1544BBAB0092F845 /* TKCellAttribute.h */,
				ABFAE9F01544BBAB0092F845 /* TKCellAttribute.m */,
			);
			path = Attributes;
			sourceTree = "<group>";
		};
/* End PBXGroup section */

/* Begin PBXNativeTarget section */
		ABD70871152DF94F0016FCFD /* TableKitSample */ = {
			isa = PBXNativeTarget;
			buildConfigurationList = ABD70890152DF94F0016FCFD /* Build configuration list for PBXNativeTarget "TableKitSample" */;
			buildPhases = (
				ABD7086E152DF94F0016FCFD /* Sources */,
				ABD7086F152DF94F0016FCFD /* Frameworks */,
				ABD70870152DF94F0016FCFD /* Resources */,
			);
			buildRules = (
			);
			dependencies = (
			);
			name = TableKitSample;
			productName = TableKitSample;
			productReference = ABD70872152DF94F0016FCFD /* TableKitSample.app */;
			productType = "com.apple.product-type.application";
		};
/* End PBXNativeTarget section */

/* Begin PBXProject section */
		ABD70869152DF94F0016FCFD /* Project object */ = {
			isa = PBXProject;
			attributes = {
				LastUpgradeCheck = 0430;
			};
			buildConfigurationList = ABD7086C152DF94F0016FCFD /* Build configuration list for PBXProject "TableKitSample" */;
			compatibilityVersion = "Xcode 3.2";
			developmentRegion = English;
			hasScannedForEncodings = 0;
			knownRegions = (
				en,
			);
			mainGroup = ABD70867152DF94F0016FCFD;
			productRefGroup = ABD70873152DF94F0016FCFD /* Products */;
			projectDirPath = "";
			projectRoot = "";
			targets = (
				ABD70871152DF94F0016FCFD /* TableKitSample */,
			);
		};
/* End PBXProject section */

/* Begin PBXResourcesBuildPhase section */
		ABD70870152DF94F0016FCFD /* Resources */ = {
			isa = PBXResourcesBuildPhase;
			buildActionMask = 2147483647;
			files = (
				ABE434A615337813004401E9 /* apple.png in Resources */,
				ABE434A815337822004401E9 /* coke.png in Resources */,
				AB4CF19015471F7C00BCDAC9 /* paper.png in Resources */,
				AB4CF1B1154746BA00BCDAC9 /* UserDefinedCellView.xib in Resources */,
				AB874E6A1553332A00FA3953 /* reminder_bg.png in Resources */,
				ABC1F045160CF97700534C69 /* products.plist in Resources */,
				ABE45F7216E01E8000D80867 /* NibSampleViewController.xib in Resources */,
			);
			runOnlyForDeploymentPostprocessing = 0;
		};
/* End PBXResourcesBuildPhase section */

/* Begin PBXSourcesBuildPhase section */
		ABD7086E152DF94F0016FCFD /* Sources */ = {
			isa = PBXSourcesBuildPhase;
			buildActionMask = 2147483647;
			files = (
				ABE434331531A252004401E9 /* TKDefaultGeneralCellView.m in Sources */,
				ABE434341531A252004401E9 /* TKDefaultSwitchCellView.m in Sources */,
				ABE434351531A252004401E9 /* TKDefaultTextFieldCellView.m in Sources */,
				ABE434361531A252004401E9 /* TKDefaultTextViewCellView.m in Sources */,
				ABE434371531A252004401E9 /* TKDefaultTheme.m in Sources */,
				ABE434381531A252004401E9 /* TKActionCell.m in Sources */,
				ABE434391531A252004401E9 /* TKCell.m in Sources */,
				ABE4343B1531A252004401E9 /* TKCellView.m in Sources */,
				ABE4343C1531A252004401E9 /* TKSection.m in Sources */,
				ABE4343D1531A252004401E9 /* TKStaticCell.m in Sources */,
				ABE4343E1531A252004401E9 /* TKSwitchCell.m in Sources */,
				ABE4343F1531A252004401E9 /* TKTableViewController.m in Sources */,
				ABE434401531A252004401E9 /* TKTextFieldCell.m in Sources */,
				ABE434411531A252004401E9 /* TKTextViewCell.m in Sources */,
				ABE434421531A252004401E9 /* TKTheme.m in Sources */,
				ABE4349C1533778B004401E9 /* AppDelegate.m in Sources */,
				ABE434A2153377AB004401E9 /* main.m in Sources */,
				ABE434CD1535FC6A004401E9 /* EditingSampleViewController.m in Sources */,
				ABE434D11535FE0D004401E9 /* RootViewController.m in Sources */,
				ABE434D415360157004401E9 /* AttributesSampleViewController.m in Sources */,
				ABFAE9F11544BBAB0092F845 /* TKAttrImageViewProxyInterface.m in Sources */,
				ABFAE9F21544BBAB0092F845 /* TKAttrLabelProxyInterface.m in Sources */,
				ABFAE9F31544BBAB0092F845 /* TKAttrProxy.m in Sources */,
				ABFAE9F41544BBAB0092F845 /* TKAttrTableViewCellProxyInterface.m in Sources */,
				ABFAE9F51544BBAB0092F845 /* TKAttrTextFieldProxyInterface.m in Sources */,
				ABFAE9F61544BBAB0092F845 /* TKAttrTextViewProxyInterface.m in Sources */,
				ABFAE9F71544BBAB0092F845 /* TKAttrViewProxyInterface.m in Sources */,
				ABFAE9F81544BBAB0092F845 /* TKCellAttribute.m in Sources */,
				AB4CF16C1546FC4300BCDAC9 /* ThemeSampleViewController.m in Sources */,
				AB4CF1881546FE4800BCDAC9 /* CustomGeneralCellView.m in Sources */,
				AB4CF18A1546FE4800BCDAC9 /* CustomTextFieldCellView.m in Sources */,
				AB4CF18C1546FE4800BCDAC9 /* CustomTheme.m in Sources */,
				AB4CF1AF154746BA00BCDAC9 /* UserDefinedCell.m in Sources */,
				AB4CF1B0154746BA00BCDAC9 /* UserDefinedCellView.m in Sources */,
				AB494EAA154DC0A700FADDDE /* TKController.m in Sources */,
				AB494EAF154F2BA200FADDDE /* HugeTableSampleViewController.m in Sources */,
				AB874E58155308DA00FA3953 /* ReminderSampleViewController.m in Sources */,
				AB874E641553238E00FA3953 /* ReminderGeneralCellView.m in Sources */,
				AB874E651553238E00FA3953 /* ReminderSwitchCellView.m in Sources */,
				AB874E661553238E00FA3953 /* ReminderTextFieldCellView.m in Sources */,
				AB874E671553238E00FA3953 /* ReminderTextViewCellView.m in Sources */,
				AB874E681553238E00FA3953 /* ReminderTheme.m in Sources */,
				ABF973121555098600F3DA70 /* TKAttrScrollViewProxyInterface.m in Sources */,
				ABF11AE11595DD6D00F49B8B /* DataSourceSampleViewController.m in Sources */,
				AB6A23D2160C62120004CD6C /* ModelSampleViewController.m in Sources */,
				AB6A23D8160C634C0004CD6C /* ProductModel.m in Sources */,
				AB6A23DE160C67300004CD6C /* ProductModel+Cell.m in Sources */,
				AB6A23DF160C67300004CD6C /* ProductCellView.m in Sources */,
				ABE45F7116E01E8000D80867 /* NibSampleViewController.m in Sources */,
				ABFC3BC916F1240D00332A86 /* CustomSwitchCellView.m in Sources */,
			);
			runOnlyForDeploymentPostprocessing = 0;
		};
/* End PBXSourcesBuildPhase section */

/* Begin XCBuildConfiguration section */
		ABD7088E152DF94F0016FCFD /* Debug */ = {
			isa = XCBuildConfiguration;
			buildSettings = {
				ALWAYS_SEARCH_USER_PATHS = NO;
				ARCHS = "$(ARCHS_STANDARD_32_BIT)";
				"CODE_SIGN_IDENTITY[sdk=iphoneos*]" = "iPhone Developer";
				COPY_PHASE_STRIP = NO;
				GCC_C_LANGUAGE_STANDARD = gnu99;
				GCC_DYNAMIC_NO_PIC = NO;
				GCC_OPTIMIZATION_LEVEL = 0;
				GCC_PREPROCESSOR_DEFINITIONS = (
					"DEBUG=1",
					"$(inherited)",
				);
				GCC_SYMBOLS_PRIVATE_EXTERN = NO;
				GCC_VERSION = com.apple.compilers.llvm.clang.1_0;
				GCC_WARN_ABOUT_RETURN_TYPE = YES;
				GCC_WARN_UNINITIALIZED_AUTOS = YES;
				GCC_WARN_UNUSED_VARIABLE = YES;
				IPHONEOS_DEPLOYMENT_TARGET = 4.0;
				SDKROOT = iphoneos;
			};
			name = Debug;
		};
		ABD7088F152DF94F0016FCFD /* Release */ = {
			isa = XCBuildConfiguration;
			buildSettings = {
				ALWAYS_SEARCH_USER_PATHS = NO;
				ARCHS = "$(ARCHS_STANDARD_32_BIT)";
				"CODE_SIGN_IDENTITY[sdk=iphoneos*]" = "iPhone Developer";
				COPY_PHASE_STRIP = YES;
				GCC_C_LANGUAGE_STANDARD = gnu99;
				GCC_VERSION = com.apple.compilers.llvm.clang.1_0;
				GCC_WARN_ABOUT_RETURN_TYPE = YES;
				GCC_WARN_UNINITIALIZED_AUTOS = YES;
				GCC_WARN_UNUSED_VARIABLE = YES;
				IPHONEOS_DEPLOYMENT_TARGET = 4.0;
				OTHER_CFLAGS = "-DNS_BLOCK_ASSERTIONS=1";
				SDKROOT = iphoneos;
				VALIDATE_PRODUCT = YES;
			};
			name = Release;
		};
		ABD70891152DF94F0016FCFD /* Debug */ = {
			isa = XCBuildConfiguration;
			buildSettings = {
				GCC_PRECOMPILE_PREFIX_HEADER = YES;
				GCC_PREFIX_HEADER = "TableKitSample-Prefix.pch";
				INFOPLIST_FILE = "TableKitSample-Info.plist";
				PRODUCT_NAME = "$(TARGET_NAME)";
				TARGETED_DEVICE_FAMILY = "1,2";
				WRAPPER_EXTENSION = app;
			};
			name = Debug;
		};
		ABD70892152DF94F0016FCFD /* Release */ = {
			isa = XCBuildConfiguration;
			buildSettings = {
				GCC_PRECOMPILE_PREFIX_HEADER = YES;
				GCC_PREFIX_HEADER = "TableKitSample-Prefix.pch";
				INFOPLIST_FILE = "TableKitSample-Info.plist";
				PRODUCT_NAME = "$(TARGET_NAME)";
				TARGETED_DEVICE_FAMILY = "1,2";
				WRAPPER_EXTENSION = app;
			};
			name = Release;
		};
/* End XCBuildConfiguration section */

/* Begin XCConfigurationList section */
		ABD7086C152DF94F0016FCFD /* Build configuration list for PBXProject "TableKitSample" */ = {
			isa = XCConfigurationList;
			buildConfigurations = (
				ABD7088E152DF94F0016FCFD /* Debug */,
				ABD7088F152DF94F0016FCFD /* Release */,
			);
			defaultConfigurationIsVisible = 0;
			defaultConfigurationName = Release;
		};
		ABD70890152DF94F0016FCFD /* Build configuration list for PBXNativeTarget "TableKitSample" */ = {
			isa = XCConfigurationList;
			buildConfigurations = (
				ABD70891152DF94F0016FCFD /* Debug */,
				ABD70892152DF94F0016FCFD /* Release */,
			);
			defaultConfigurationIsVisible = 0;
			defaultConfigurationName = Release;
		};
/* End XCConfigurationList section */
	};
	rootObject = ABD70869152DF94F0016FCFD /* Project object */;
}
